<?xml version="1.0" encoding="UTF-8" standalone="yes" ?>
<CodeBlocks_project_file>
	<FileVersion major="1" minor="6" />
	<Project>
		<Option title="Mini-project" />
		<Option pch_mode="2" />
		<Option compiler="gcc" />
		<Build>
			<Target title="Debug">
				<Option output="bin/Debug/Mini-project" prefix_auto="1" extension_auto="1" />
				<Option object_output="obj/Debug/" />
				<Option type="1" />
				<Option compiler="gcc" />
				<Compiler>
					<Add option="-g" />
				</Compiler>
			</Target>
			<Target title="Release">
				<Option output="bin/Release/Mini-project" prefix_auto="1" extension_auto="1" />
				<Option object_output="obj/Release/" />
				<Option type="0" />
				<Option compiler="gcc" />
				<Compiler>
					<Add option="-O2" />
				</Compiler>
				<Linker>
					<Add option="-s" />
				</Linker>
			</Target>
		</Build>
		<Compiler>
			<Add option="`pkg-config gtk+-2.0 --cflags`" />
			<Add option="-Wall" />
		</Compiler>
		<Linker>
			<Add option="`pkg-config gtk+-2.0 --libs`" />
		</Linker>
		<Unit filename="Client/client.c">
			<Option compilerVar="CC" />
		</Unit>
		<Unit filename="Client/inc/errorCode.h" />
		<Unit filename="Client/src/errorCode.c">
			<Option compilerVar="CC" />
		</Unit>
		<Unit filename="Save/client.c">
			<Option compilerVar="CC" />
		</Unit>
		<Unit filename="Save/server.c">
			<Option compilerVar="CC" />
		</Unit>
		<Unit filename="Server/inc/accountSystem.h" />
		<Unit filename="Server/inc/convertNumAndStr.h" />
		<Unit filename="Server/inc/errorCode.h" />
		<Unit filename="Server/inc/question.h" />
		<Unit filename="Server/inc/services.h" />
		<Unit filename="Server/server.c">
			<Option compilerVar="CC" />
		</Unit>
		<Unit filename="Server/src/accountSystem.c">
			<Option compilerVar="CC" />
		</Unit>
		<Unit filename="Server/src/convertNumAndStr.c">
			<Option compilerVar="CC" />
		</Unit>
		<Unit filename="Server/src/errorCode.c">
			<Option compilerVar="CC" />
		</Unit>
		<Unit filename="Server/src/services.c">
			<Option compilerVar="CC" />
		</Unit>
		<Unit filename="main.c">
			<Option compilerVar="CC" />
		</Unit>
		<Extensions />
	</Project>
</CodeBlocks_project_file>
